
Microsoft Visual Studio Solution File, Format Version 12.00
# Visual Studio 14
VisualStudioVersion = 14.0.25420.1
MinimumVisualStudioVersion = 10.0.40219.1
Project("{FAE04EC0-301F-11D3-BF4B-00C04F79EFBC}") = "2017_09_13_consolApp", "2017_09_13_consolApp\2017_09_13_consolApp.csproj", "{93BD22E1-8589-4FF1-83A2-C6C0226FF2F9}"
EndProject
Project("{FAE04EC0-301F-11D3-BF4B-00C04F79EFBC}") = "ListHandlerTests", "ListHandlerTests\ListHandlerTests.csproj", "{AC1C3DDC-F32E-4D1B-97E1-56F7AD6CD1E2}"
EndProject
Project("{FAE04EC0-301F-11D3-BF4B-00C04F79EFBC}") = "DateHandlerTests", "DateHandlerTests\DateHandlerTests.csproj", "{31CFE0CE-600A-4FC0-80A7-336ED5A3D358}"
EndProject
Project("{FAE04EC0-301F-11D3-BF4B-00C04F79EFBC}") = "PurchaseCalculationTests", "PurchaseCalculationTests\PurchaseCalculationTests.csproj", "{849D5409-DFA5-4491-B8F6-F890B1080500}"
EndProject
Project("{FAE04EC0-301F-11D3-BF4B-00C04F79EFBC}") = "StorytellerTests", "StorytellerTests\StorytellerTests.csproj", "{8B422B24-4BBF-4CA2-BCF7-55CEAD2892FD}"
EndProject
Project("{FAE04EC0-301F-11D3-BF4B-00C04F79EFBC}") = "ShoppingCartApp", "ShoppingCartApp\ShoppingCartApp.csproj", "{F3A1286D-7D8F-4A4B-B0EB-4A580DBC31D0}"
EndProject
Project("{2150E333-8FDC-42A3-9474-1A3956D46DE8}") = "ShoppingCart", "ShoppingCart", "{BD53EE02-5E79-45BC-AC9F-938F70584597}"
EndProject
Project("{FAE04EC0-301F-11D3-BF4B-00C04F79EFBC}") = "ShoppingCartTests", "ShoppingCartTests\ShoppingCartTests.csproj", "{322D392E-8419-41FE-B207-7571F6B574A2}"
EndProject
Project("{FAE04EC0-301F-11D3-BF4B-00C04F79EFBC}") = "StoryTellerWindowsApp", "StoryTellerWindowsApp\StoryTellerWindowsApp.csproj", "{895F7919-686B-4351-B5CA-3EBCCDA4B893}"
EndProject
Project("{2150E333-8FDC-42A3-9474-1A3956D46DE8}") = "Circus", "Circus", "{EE8A3181-68D9-42F6-8CF9-D8A95EAE0D39}"
EndProject
Project("{FAE04EC0-301F-11D3-BF4B-00C04F79EFBC}") = "CircusLib", "CircusLib\CircusLib.csproj", "{6A828AE1-4B0F-44A1-8E3A-5AE31451BB84}"
EndProject
Project("{FAE04EC0-301F-11D3-BF4B-00C04F79EFBC}") = "CircusTestsLib", "CircusTestsLib\CircusTestsLib.csproj", "{3D1B2126-6EF5-478A-9083-B594871E4079}"
EndProject
Project("{2150E333-8FDC-42A3-9474-1A3956D46DE8}") = "GuessNumber", "GuessNumber", "{159AF8EF-6826-441D-8BED-6EB2F46C3ACE}"
EndProject
Project("{FAE04EC0-301F-11D3-BF4B-00C04F79EFBC}") = "GuessNumberLib", "GuessNumberLib\GuessNumberLib.csproj", "{58B4B9FB-4D92-4D90-9DD3-F610C61C7AF7}"
EndProject
Project("{FAE04EC0-301F-11D3-BF4B-00C04F79EFBC}") = "GuessNumberTestsLib", "GuessNumberTestsLib\GuessNumberTestsLib.csproj", "{83F80F82-C42C-4F3B-8D14-D79759B719AC}"
EndProject
Project("{FAE04EC0-301F-11D3-BF4B-00C04F79EFBC}") = "GuessNumberWindowsForm", "GuessNumberWindowsForm\GuessNumberWindowsForm.csproj", "{1A09E9E0-C96C-4D22-B35D-2BFF35BB06E7}"
EndProject
Project("{FAE04EC0-301F-11D3-BF4B-00C04F79EFBC}") = "GuessNumberWPFGUI", "GuessNumberWPFGUI\GuessNumberWPFGUI.csproj", "{3C7735C6-3657-408A-91FF-35908047AA6F}"
EndProject
Project("{2150E333-8FDC-42A3-9474-1A3956D46DE8}") = "DiceGame", "DiceGame", "{2C494276-6FDB-4112-A5CC-312289E3C869}"
EndProject
Project("{FAE04EC0-301F-11D3-BF4B-00C04F79EFBC}") = "DiceGameLib", "DiceGameLib\DiceGameLib.csproj", "{1395A775-9102-400C-BFA8-677BE91E2FBF}"
EndProject
Project("{FAE04EC0-301F-11D3-BF4B-00C04F79EFBC}") = "DiceGameTestsLib", "DiceGameTestsLib\DiceGameTestsLib.csproj", "{3A329E11-B67D-496F-A849-F7A85812A5F6}"
EndProject
Project("{FAE04EC0-301F-11D3-BF4B-00C04F79EFBC}") = "DiceGameWindowsForms", "DiceGameWindowsForms\DiceGameWindowsForms.csproj", "{FD9C47AA-89B3-4E26-98AF-CAE911497C48}"
EndProject
Project("{2150E333-8FDC-42A3-9474-1A3956D46DE8}") = "ConvertToUpperCase", "ConvertToUpperCase", "{BC89B5B2-C801-4FA1-AAA0-CA92B768806F}"
EndProject
Project("{FAE04EC0-301F-11D3-BF4B-00C04F79EFBC}") = "ConvertToUpperCaseApp", "ConvertToUpperCaseApp\ConvertToUpperCaseApp.csproj", "{89C99FDC-D898-478C-8503-2B265ACE5306}"
EndProject
Project("{2150E333-8FDC-42A3-9474-1A3956D46DE8}") = "Slideshow", "Slideshow", "{210F4867-E922-4DBA-8472-2C79EF687C8B}"
EndProject
Project("{FAE04EC0-301F-11D3-BF4B-00C04F79EFBC}") = "PictureSelectSlideShow", "PictureSelectSlideShow\PictureSelectSlideShow.csproj", "{371FB42D-F4C6-425E-BA50-1FA281A90181}"
EndProject
Project("{2150E333-8FDC-42A3-9474-1A3956D46DE8}") = "CustomerForm", "CustomerForm", "{E7974B19-3D87-4F39-BF4D-2FEF617D2250}"
EndProject
Project("{FAE04EC0-301F-11D3-BF4B-00C04F79EFBC}") = "CustomerForm", "CustomerForm\CustomerForm.csproj", "{108B1798-9B0A-4B28-8CF3-CC9340159119}"
EndProject
Project("{2150E333-8FDC-42A3-9474-1A3956D46DE8}") = "BoyOrGirlApp", "BoyOrGirlApp", "{9E4BC4A9-9BCA-4A03-89AC-5450FDCD7DD5}"
EndProject
Project("{FAE04EC0-301F-11D3-BF4B-00C04F79EFBC}") = "BoyOrGirlApp", "BoyOrGirlApp\BoyOrGirlApp.csproj", "{E240F047-C828-4607-821E-54F1E7982D5D}"
EndProject
Project("{FAE04EC0-301F-11D3-BF4B-00C04F79EFBC}") = "BoyOrGirlLibTests", "BoyOrGirlLibTests\BoyOrGirlLibTests.csproj", "{076F0396-E667-4185-A259-2FD12CEE9030}"
EndProject
Project("{FAE04EC0-301F-11D3-BF4B-00C04F79EFBC}") = "BoyOrGirlLib", "BoyOrGirlLib\BoyOrGirlLib.csproj", "{37D55F9E-C2B9-4F27-BCC2-52026663D3FC}"
EndProject
Project("{2150E333-8FDC-42A3-9474-1A3956D46DE8}") = "PersonnummerCalc", "PersonnummerCalc", "{D3F7BD72-D801-4F4B-832A-70A9A2EA1051}"
EndProject
Project("{FAE04EC0-301F-11D3-BF4B-00C04F79EFBC}") = "PersonnummerCalcLib", "PersonnummerCalcLib\PersonnummerCalcLib.csproj", "{7C8F06FA-DDD3-40C0-99E2-643319A1556F}"
EndProject
Project("{FAE04EC0-301F-11D3-BF4B-00C04F79EFBC}") = "PersonnummerCalcLibTests", "PersonnummerCalcLibTests\PersonnummerCalcLibTests.csproj", "{AF721B5C-A376-4E16-B80C-B7FD47868A81}"
EndProject
Project("{FAE04EC0-301F-11D3-BF4B-00C04F79EFBC}") = "PersonnummerApp", "PersonnummerApp\PersonnummerApp.csproj", "{4CA68241-AE2E-4E3E-9377-01ED14C75969}"
EndProject
Project("{2150E333-8FDC-42A3-9474-1A3956D46DE8}") = "RegexExperiments", "RegexExperiments", "{59BBD7DF-946E-4821-A948-E95543E83CCC}"
EndProject
Project("{FAE04EC0-301F-11D3-BF4B-00C04F79EFBC}") = "checkForString", "checkForString\checkForString.csproj", "{408255C6-FDCF-4B2D-86DA-327C61E62C9F}"
EndProject
Project("{FAE04EC0-301F-11D3-BF4B-00C04F79EFBC}") = "checkForStringLibTests", "checkForStringLibTests\checkForStringLibTests.csproj", "{E34BF4D2-D317-4B0B-AB48-D4D7893652FC}"
EndProject
Project("{FAE04EC0-301F-11D3-BF4B-00C04F79EFBC}") = "EmployeeLibTests", "EmployeeLibTests\EmployeeLibTests.csproj", "{96035F40-5B60-4D2F-BC8A-26A7238DEFCD}"
EndProject
Project("{FAE04EC0-301F-11D3-BF4B-00C04F79EFBC}") = "EmployeeLib", "EmployeeLib\EmployeeLib.csproj", "{C76F9AB5-D5CA-4CE9-90A5-637B918AC43B}"
EndProject
Project("{2150E333-8FDC-42A3-9474-1A3956D46DE8}") = "EducationRecursive", "EducationRecursive", "{7C57F210-16E2-431E-90F4-CB08EA811F9C}"
EndProject
Project("{FAE04EC0-301F-11D3-BF4B-00C04F79EFBC}") = "EducationLibTests", "EducationLibTests\EducationLibTests.csproj", "{94909D94-9C47-45D3-AA36-1AE361FDB96C}"
EndProject
Project("{FAE04EC0-301F-11D3-BF4B-00C04F79EFBC}") = "EducationLib", "EducationLib\EducationLib.csproj", "{B4949690-147D-402B-B334-FD8FEF905405}"
EndProject
Project("{2150E333-8FDC-42A3-9474-1A3956D46DE8}") = "Accounting", "Accounting", "{A2B2DC28-095B-4ABB-883D-B161EBE2A7E9}"
EndProject
Project("{FAE04EC0-301F-11D3-BF4B-00C04F79EFBC}") = "SIEImportTest", "SIEImportTest\SIEImportTest.csproj", "{0BB9084E-E506-4808-A4CE-AA948A1DB2AD}"
EndProject
Project("{FAE04EC0-301F-11D3-BF4B-00C04F79EFBC}") = "SIEImportLib", "SIEImportLib\SIEImportLib.csproj", "{1DC17383-376F-46C3-9425-24FDB516CA0D}"
EndProject
Project("{2150E333-8FDC-42A3-9474-1A3956D46DE8}") = "Calculator", "Calculator", "{3277B5E5-3EA3-4A48-80EE-CBAFEAA36AC5}"
EndProject
Project("{FAE04EC0-301F-11D3-BF4B-00C04F79EFBC}") = "CalculatorLibTests", "CalculatorLibTests\CalculatorLibTests.csproj", "{DE8FB65B-4D01-4A31-8537-2A1816FCBD95}"
EndProject
Project("{FAE04EC0-301F-11D3-BF4B-00C04F79EFBC}") = "CalculatorLib", "CalculatorLib\CalculatorLib.csproj", "{67274B70-9A38-499C-A597-D23BE66FA611}"
EndProject
Project("{FAE04EC0-301F-11D3-BF4B-00C04F79EFBC}") = "CalculatorUI", "CalculatorUI\CalculatorUI.csproj", "{424A15FA-B2E0-43C0-923F-99FC58CF5698}"
EndProject
Project("{2150E333-8FDC-42A3-9474-1A3956D46DE8}") = "DrivingLog", "DrivingLog", "{14813578-063D-4A66-9AF8-C024EB078096}"
EndProject
Project("{FAE04EC0-301F-11D3-BF4B-00C04F79EFBC}") = "drivingLogLib", "drivingLogLib\drivingLogLib.csproj", "{6F53B8F5-7904-420B-993B-155B8AC7FC94}"
EndProject
Project("{FAE04EC0-301F-11D3-BF4B-00C04F79EFBC}") = "DrivingLogLibTests", "DrivingLogLibTests\DrivingLogLibTests.csproj", "{812CFDB9-EB8D-4AA3-B967-0ABC42F6833E}"
EndProject
Global
	GlobalSection(SolutionConfigurationPlatforms) = preSolution
		Debug|Any CPU = Debug|Any CPU
		Release|Any CPU = Release|Any CPU
	EndGlobalSection
	GlobalSection(ProjectConfigurationPlatforms) = postSolution
		{93BD22E1-8589-4FF1-83A2-C6C0226FF2F9}.Debug|Any CPU.ActiveCfg = Debug|Any CPU
		{93BD22E1-8589-4FF1-83A2-C6C0226FF2F9}.Debug|Any CPU.Build.0 = Debug|Any CPU
		{93BD22E1-8589-4FF1-83A2-C6C0226FF2F9}.Release|Any CPU.ActiveCfg = Release|Any CPU
		{93BD22E1-8589-4FF1-83A2-C6C0226FF2F9}.Release|Any CPU.Build.0 = Release|Any CPU
		{AC1C3DDC-F32E-4D1B-97E1-56F7AD6CD1E2}.Debug|Any CPU.ActiveCfg = Debug|Any CPU
		{AC1C3DDC-F32E-4D1B-97E1-56F7AD6CD1E2}.Debug|Any CPU.Build.0 = Debug|Any CPU
		{AC1C3DDC-F32E-4D1B-97E1-56F7AD6CD1E2}.Release|Any CPU.ActiveCfg = Release|Any CPU
		{AC1C3DDC-F32E-4D1B-97E1-56F7AD6CD1E2}.Release|Any CPU.Build.0 = Release|Any CPU
		{31CFE0CE-600A-4FC0-80A7-336ED5A3D358}.Debug|Any CPU.ActiveCfg = Debug|Any CPU
		{31CFE0CE-600A-4FC0-80A7-336ED5A3D358}.Debug|Any CPU.Build.0 = Debug|Any CPU
		{31CFE0CE-600A-4FC0-80A7-336ED5A3D358}.Release|Any CPU.ActiveCfg = Release|Any CPU
		{31CFE0CE-600A-4FC0-80A7-336ED5A3D358}.Release|Any CPU.Build.0 = Release|Any CPU
		{849D5409-DFA5-4491-B8F6-F890B1080500}.Debug|Any CPU.ActiveCfg = Debug|Any CPU
		{849D5409-DFA5-4491-B8F6-F890B1080500}.Debug|Any CPU.Build.0 = Debug|Any CPU
		{849D5409-DFA5-4491-B8F6-F890B1080500}.Release|Any CPU.ActiveCfg = Release|Any CPU
		{849D5409-DFA5-4491-B8F6-F890B1080500}.Release|Any CPU.Build.0 = Release|Any CPU
		{8B422B24-4BBF-4CA2-BCF7-55CEAD2892FD}.Debug|Any CPU.ActiveCfg = Debug|Any CPU
		{8B422B24-4BBF-4CA2-BCF7-55CEAD2892FD}.Debug|Any CPU.Build.0 = Debug|Any CPU
		{8B422B24-4BBF-4CA2-BCF7-55CEAD2892FD}.Release|Any CPU.ActiveCfg = Release|Any CPU
		{8B422B24-4BBF-4CA2-BCF7-55CEAD2892FD}.Release|Any CPU.Build.0 = Release|Any CPU
		{F3A1286D-7D8F-4A4B-B0EB-4A580DBC31D0}.Debug|Any CPU.ActiveCfg = Debug|Any CPU
		{F3A1286D-7D8F-4A4B-B0EB-4A580DBC31D0}.Debug|Any CPU.Build.0 = Debug|Any CPU
		{F3A1286D-7D8F-4A4B-B0EB-4A580DBC31D0}.Release|Any CPU.ActiveCfg = Release|Any CPU
		{F3A1286D-7D8F-4A4B-B0EB-4A580DBC31D0}.Release|Any CPU.Build.0 = Release|Any CPU
		{322D392E-8419-41FE-B207-7571F6B574A2}.Debug|Any CPU.ActiveCfg = Debug|Any CPU
		{322D392E-8419-41FE-B207-7571F6B574A2}.Debug|Any CPU.Build.0 = Debug|Any CPU
		{322D392E-8419-41FE-B207-7571F6B574A2}.Release|Any CPU.ActiveCfg = Release|Any CPU
		{322D392E-8419-41FE-B207-7571F6B574A2}.Release|Any CPU.Build.0 = Release|Any CPU
		{895F7919-686B-4351-B5CA-3EBCCDA4B893}.Debug|Any CPU.ActiveCfg = Debug|Any CPU
		{895F7919-686B-4351-B5CA-3EBCCDA4B893}.Debug|Any CPU.Build.0 = Debug|Any CPU
		{895F7919-686B-4351-B5CA-3EBCCDA4B893}.Release|Any CPU.ActiveCfg = Release|Any CPU
		{895F7919-686B-4351-B5CA-3EBCCDA4B893}.Release|Any CPU.Build.0 = Release|Any CPU
		{6A828AE1-4B0F-44A1-8E3A-5AE31451BB84}.Debug|Any CPU.ActiveCfg = Debug|Any CPU
		{6A828AE1-4B0F-44A1-8E3A-5AE31451BB84}.Debug|Any CPU.Build.0 = Debug|Any CPU
		{6A828AE1-4B0F-44A1-8E3A-5AE31451BB84}.Release|Any CPU.ActiveCfg = Release|Any CPU
		{6A828AE1-4B0F-44A1-8E3A-5AE31451BB84}.Release|Any CPU.Build.0 = Release|Any CPU
		{3D1B2126-6EF5-478A-9083-B594871E4079}.Debug|Any CPU.ActiveCfg = Debug|Any CPU
		{3D1B2126-6EF5-478A-9083-B594871E4079}.Debug|Any CPU.Build.0 = Debug|Any CPU
		{3D1B2126-6EF5-478A-9083-B594871E4079}.Release|Any CPU.ActiveCfg = Release|Any CPU
		{3D1B2126-6EF5-478A-9083-B594871E4079}.Release|Any CPU.Build.0 = Release|Any CPU
		{58B4B9FB-4D92-4D90-9DD3-F610C61C7AF7}.Debug|Any CPU.ActiveCfg = Debug|Any CPU
		{58B4B9FB-4D92-4D90-9DD3-F610C61C7AF7}.Debug|Any CPU.Build.0 = Debug|Any CPU
		{58B4B9FB-4D92-4D90-9DD3-F610C61C7AF7}.Release|Any CPU.ActiveCfg = Release|Any CPU
		{58B4B9FB-4D92-4D90-9DD3-F610C61C7AF7}.Release|Any CPU.Build.0 = Release|Any CPU
		{83F80F82-C42C-4F3B-8D14-D79759B719AC}.Debug|Any CPU.ActiveCfg = Debug|Any CPU
		{83F80F82-C42C-4F3B-8D14-D79759B719AC}.Debug|Any CPU.Build.0 = Debug|Any CPU
		{83F80F82-C42C-4F3B-8D14-D79759B719AC}.Release|Any CPU.ActiveCfg = Release|Any CPU
		{83F80F82-C42C-4F3B-8D14-D79759B719AC}.Release|Any CPU.Build.0 = Release|Any CPU
		{1A09E9E0-C96C-4D22-B35D-2BFF35BB06E7}.Debug|Any CPU.ActiveCfg = Debug|Any CPU
		{1A09E9E0-C96C-4D22-B35D-2BFF35BB06E7}.Debug|Any CPU.Build.0 = Debug|Any CPU
		{1A09E9E0-C96C-4D22-B35D-2BFF35BB06E7}.Release|Any CPU.ActiveCfg = Release|Any CPU
		{1A09E9E0-C96C-4D22-B35D-2BFF35BB06E7}.Release|Any CPU.Build.0 = Release|Any CPU
		{3C7735C6-3657-408A-91FF-35908047AA6F}.Debug|Any CPU.ActiveCfg = Debug|Any CPU
		{3C7735C6-3657-408A-91FF-35908047AA6F}.Debug|Any CPU.Build.0 = Debug|Any CPU
		{3C7735C6-3657-408A-91FF-35908047AA6F}.Release|Any CPU.ActiveCfg = Release|Any CPU
		{3C7735C6-3657-408A-91FF-35908047AA6F}.Release|Any CPU.Build.0 = Release|Any CPU
		{1395A775-9102-400C-BFA8-677BE91E2FBF}.Debug|Any CPU.ActiveCfg = Debug|Any CPU
		{1395A775-9102-400C-BFA8-677BE91E2FBF}.Debug|Any CPU.Build.0 = Debug|Any CPU
		{1395A775-9102-400C-BFA8-677BE91E2FBF}.Release|Any CPU.ActiveCfg = Release|Any CPU
		{1395A775-9102-400C-BFA8-677BE91E2FBF}.Release|Any CPU.Build.0 = Release|Any CPU
		{3A329E11-B67D-496F-A849-F7A85812A5F6}.Debug|Any CPU.ActiveCfg = Debug|Any CPU
		{3A329E11-B67D-496F-A849-F7A85812A5F6}.Debug|Any CPU.Build.0 = Debug|Any CPU
		{3A329E11-B67D-496F-A849-F7A85812A5F6}.Release|Any CPU.ActiveCfg = Release|Any CPU
		{3A329E11-B67D-496F-A849-F7A85812A5F6}.Release|Any CPU.Build.0 = Release|Any CPU
		{FD9C47AA-89B3-4E26-98AF-CAE911497C48}.Debug|Any CPU.ActiveCfg = Debug|Any CPU
		{FD9C47AA-89B3-4E26-98AF-CAE911497C48}.Debug|Any CPU.Build.0 = Debug|Any CPU
		{FD9C47AA-89B3-4E26-98AF-CAE911497C48}.Release|Any CPU.ActiveCfg = Release|Any CPU
		{FD9C47AA-89B3-4E26-98AF-CAE911497C48}.Release|Any CPU.Build.0 = Release|Any CPU
		{89C99FDC-D898-478C-8503-2B265ACE5306}.Debug|Any CPU.ActiveCfg = Debug|Any CPU
		{89C99FDC-D898-478C-8503-2B265ACE5306}.Debug|Any CPU.Build.0 = Debug|Any CPU
		{89C99FDC-D898-478C-8503-2B265ACE5306}.Release|Any CPU.ActiveCfg = Release|Any CPU
		{89C99FDC-D898-478C-8503-2B265ACE5306}.Release|Any CPU.Build.0 = Release|Any CPU
		{371FB42D-F4C6-425E-BA50-1FA281A90181}.Debug|Any CPU.ActiveCfg = Debug|Any CPU
		{371FB42D-F4C6-425E-BA50-1FA281A90181}.Debug|Any CPU.Build.0 = Debug|Any CPU
		{371FB42D-F4C6-425E-BA50-1FA281A90181}.Release|Any CPU.ActiveCfg = Release|Any CPU
		{371FB42D-F4C6-425E-BA50-1FA281A90181}.Release|Any CPU.Build.0 = Release|Any CPU
		{108B1798-9B0A-4B28-8CF3-CC9340159119}.Debug|Any CPU.ActiveCfg = Debug|Any CPU
		{108B1798-9B0A-4B28-8CF3-CC9340159119}.Debug|Any CPU.Build.0 = Debug|Any CPU
		{108B1798-9B0A-4B28-8CF3-CC9340159119}.Release|Any CPU.ActiveCfg = Release|Any CPU
		{108B1798-9B0A-4B28-8CF3-CC9340159119}.Release|Any CPU.Build.0 = Release|Any CPU
		{E240F047-C828-4607-821E-54F1E7982D5D}.Debug|Any CPU.ActiveCfg = Debug|Any CPU
		{E240F047-C828-4607-821E-54F1E7982D5D}.Debug|Any CPU.Build.0 = Debug|Any CPU
		{E240F047-C828-4607-821E-54F1E7982D5D}.Release|Any CPU.ActiveCfg = Release|Any CPU
		{E240F047-C828-4607-821E-54F1E7982D5D}.Release|Any CPU.Build.0 = Release|Any CPU
		{076F0396-E667-4185-A259-2FD12CEE9030}.Debug|Any CPU.ActiveCfg = Debug|Any CPU
		{076F0396-E667-4185-A259-2FD12CEE9030}.Debug|Any CPU.Build.0 = Debug|Any CPU
		{076F0396-E667-4185-A259-2FD12CEE9030}.Release|Any CPU.ActiveCfg = Release|Any CPU
		{076F0396-E667-4185-A259-2FD12CEE9030}.Release|Any CPU.Build.0 = Release|Any CPU
		{37D55F9E-C2B9-4F27-BCC2-52026663D3FC}.Debug|Any CPU.ActiveCfg = Debug|Any CPU
		{37D55F9E-C2B9-4F27-BCC2-52026663D3FC}.Debug|Any CPU.Build.0 = Debug|Any CPU
		{37D55F9E-C2B9-4F27-BCC2-52026663D3FC}.Release|Any CPU.ActiveCfg = Release|Any CPU
		{37D55F9E-C2B9-4F27-BCC2-52026663D3FC}.Release|Any CPU.Build.0 = Release|Any CPU
		{7C8F06FA-DDD3-40C0-99E2-643319A1556F}.Debug|Any CPU.ActiveCfg = Debug|Any CPU
		{7C8F06FA-DDD3-40C0-99E2-643319A1556F}.Debug|Any CPU.Build.0 = Debug|Any CPU
		{7C8F06FA-DDD3-40C0-99E2-643319A1556F}.Release|Any CPU.ActiveCfg = Release|Any CPU
		{7C8F06FA-DDD3-40C0-99E2-643319A1556F}.Release|Any CPU.Build.0 = Release|Any CPU
		{AF721B5C-A376-4E16-B80C-B7FD47868A81}.Debug|Any CPU.ActiveCfg = Debug|Any CPU
		{AF721B5C-A376-4E16-B80C-B7FD47868A81}.Debug|Any CPU.Build.0 = Debug|Any CPU
		{AF721B5C-A376-4E16-B80C-B7FD47868A81}.Release|Any CPU.ActiveCfg = Release|Any CPU
		{AF721B5C-A376-4E16-B80C-B7FD47868A81}.Release|Any CPU.Build.0 = Release|Any CPU
		{4CA68241-AE2E-4E3E-9377-01ED14C75969}.Debug|Any CPU.ActiveCfg = Debug|Any CPU
		{4CA68241-AE2E-4E3E-9377-01ED14C75969}.Debug|Any CPU.Build.0 = Debug|Any CPU
		{4CA68241-AE2E-4E3E-9377-01ED14C75969}.Release|Any CPU.ActiveCfg = Release|Any CPU
		{4CA68241-AE2E-4E3E-9377-01ED14C75969}.Release|Any CPU.Build.0 = Release|Any CPU
		{408255C6-FDCF-4B2D-86DA-327C61E62C9F}.Debug|Any CPU.ActiveCfg = Debug|Any CPU
		{408255C6-FDCF-4B2D-86DA-327C61E62C9F}.Debug|Any CPU.Build.0 = Debug|Any CPU
		{408255C6-FDCF-4B2D-86DA-327C61E62C9F}.Release|Any CPU.ActiveCfg = Release|Any CPU
		{408255C6-FDCF-4B2D-86DA-327C61E62C9F}.Release|Any CPU.Build.0 = Release|Any CPU
		{E34BF4D2-D317-4B0B-AB48-D4D7893652FC}.Debug|Any CPU.ActiveCfg = Debug|Any CPU
		{E34BF4D2-D317-4B0B-AB48-D4D7893652FC}.Debug|Any CPU.Build.0 = Debug|Any CPU
		{E34BF4D2-D317-4B0B-AB48-D4D7893652FC}.Release|Any CPU.ActiveCfg = Release|Any CPU
		{E34BF4D2-D317-4B0B-AB48-D4D7893652FC}.Release|Any CPU.Build.0 = Release|Any CPU
		{96035F40-5B60-4D2F-BC8A-26A7238DEFCD}.Debug|Any CPU.ActiveCfg = Debug|Any CPU
		{96035F40-5B60-4D2F-BC8A-26A7238DEFCD}.Debug|Any CPU.Build.0 = Debug|Any CPU
		{96035F40-5B60-4D2F-BC8A-26A7238DEFCD}.Release|Any CPU.ActiveCfg = Release|Any CPU
		{96035F40-5B60-4D2F-BC8A-26A7238DEFCD}.Release|Any CPU.Build.0 = Release|Any CPU
		{C76F9AB5-D5CA-4CE9-90A5-637B918AC43B}.Debug|Any CPU.ActiveCfg = Debug|Any CPU
		{C76F9AB5-D5CA-4CE9-90A5-637B918AC43B}.Debug|Any CPU.Build.0 = Debug|Any CPU
		{C76F9AB5-D5CA-4CE9-90A5-637B918AC43B}.Release|Any CPU.ActiveCfg = Release|Any CPU
		{C76F9AB5-D5CA-4CE9-90A5-637B918AC43B}.Release|Any CPU.Build.0 = Release|Any CPU
		{94909D94-9C47-45D3-AA36-1AE361FDB96C}.Debug|Any CPU.ActiveCfg = Debug|Any CPU
		{94909D94-9C47-45D3-AA36-1AE361FDB96C}.Debug|Any CPU.Build.0 = Debug|Any CPU
		{94909D94-9C47-45D3-AA36-1AE361FDB96C}.Release|Any CPU.ActiveCfg = Release|Any CPU
		{94909D94-9C47-45D3-AA36-1AE361FDB96C}.Release|Any CPU.Build.0 = Release|Any CPU
		{B4949690-147D-402B-B334-FD8FEF905405}.Debug|Any CPU.ActiveCfg = Debug|Any CPU
		{B4949690-147D-402B-B334-FD8FEF905405}.Debug|Any CPU.Build.0 = Debug|Any CPU
		{B4949690-147D-402B-B334-FD8FEF905405}.Release|Any CPU.ActiveCfg = Release|Any CPU
		{B4949690-147D-402B-B334-FD8FEF905405}.Release|Any CPU.Build.0 = Release|Any CPU
		{0BB9084E-E506-4808-A4CE-AA948A1DB2AD}.Debug|Any CPU.ActiveCfg = Debug|Any CPU
		{0BB9084E-E506-4808-A4CE-AA948A1DB2AD}.Debug|Any CPU.Build.0 = Debug|Any CPU
		{0BB9084E-E506-4808-A4CE-AA948A1DB2AD}.Release|Any CPU.ActiveCfg = Release|Any CPU
		{0BB9084E-E506-4808-A4CE-AA948A1DB2AD}.Release|Any CPU.Build.0 = Release|Any CPU
		{1DC17383-376F-46C3-9425-24FDB516CA0D}.Debug|Any CPU.ActiveCfg = Debug|Any CPU
		{1DC17383-376F-46C3-9425-24FDB516CA0D}.Debug|Any CPU.Build.0 = Debug|Any CPU
		{1DC17383-376F-46C3-9425-24FDB516CA0D}.Release|Any CPU.ActiveCfg = Release|Any CPU
		{1DC17383-376F-46C3-9425-24FDB516CA0D}.Release|Any CPU.Build.0 = Release|Any CPU
		{DE8FB65B-4D01-4A31-8537-2A1816FCBD95}.Debug|Any CPU.ActiveCfg = Debug|Any CPU
		{DE8FB65B-4D01-4A31-8537-2A1816FCBD95}.Debug|Any CPU.Build.0 = Debug|Any CPU
		{DE8FB65B-4D01-4A31-8537-2A1816FCBD95}.Release|Any CPU.ActiveCfg = Release|Any CPU
		{DE8FB65B-4D01-4A31-8537-2A1816FCBD95}.Release|Any CPU.Build.0 = Release|Any CPU
		{67274B70-9A38-499C-A597-D23BE66FA611}.Debug|Any CPU.ActiveCfg = Debug|Any CPU
		{67274B70-9A38-499C-A597-D23BE66FA611}.Debug|Any CPU.Build.0 = Debug|Any CPU
		{67274B70-9A38-499C-A597-D23BE66FA611}.Release|Any CPU.ActiveCfg = Release|Any CPU
		{67274B70-9A38-499C-A597-D23BE66FA611}.Release|Any CPU.Build.0 = Release|Any CPU
		{424A15FA-B2E0-43C0-923F-99FC58CF5698}.Debug|Any CPU.ActiveCfg = Debug|Any CPU
		{424A15FA-B2E0-43C0-923F-99FC58CF5698}.Debug|Any CPU.Build.0 = Debug|Any CPU
		{424A15FA-B2E0-43C0-923F-99FC58CF5698}.Release|Any CPU.ActiveCfg = Release|Any CPU
		{424A15FA-B2E0-43C0-923F-99FC58CF5698}.Release|Any CPU.Build.0 = Release|Any CPU
		{6F53B8F5-7904-420B-993B-155B8AC7FC94}.Debug|Any CPU.ActiveCfg = Debug|Any CPU
		{6F53B8F5-7904-420B-993B-155B8AC7FC94}.Debug|Any CPU.Build.0 = Debug|Any CPU
		{6F53B8F5-7904-420B-993B-155B8AC7FC94}.Release|Any CPU.ActiveCfg = Release|Any CPU
		{6F53B8F5-7904-420B-993B-155B8AC7FC94}.Release|Any CPU.Build.0 = Release|Any CPU
		{812CFDB9-EB8D-4AA3-B967-0ABC42F6833E}.Debug|Any CPU.ActiveCfg = Debug|Any CPU
		{812CFDB9-EB8D-4AA3-B967-0ABC42F6833E}.Debug|Any CPU.Build.0 = Debug|Any CPU
		{812CFDB9-EB8D-4AA3-B967-0ABC42F6833E}.Release|Any CPU.ActiveCfg = Release|Any CPU
		{812CFDB9-EB8D-4AA3-B967-0ABC42F6833E}.Release|Any CPU.Build.0 = Release|Any CPU
	EndGlobalSection
	GlobalSection(SolutionProperties) = preSolution
		HideSolutionNode = FALSE
	EndGlobalSection
	GlobalSection(NestedProjects) = preSolution
		{F3A1286D-7D8F-4A4B-B0EB-4A580DBC31D0} = {BD53EE02-5E79-45BC-AC9F-938F70584597}
		{322D392E-8419-41FE-B207-7571F6B574A2} = {BD53EE02-5E79-45BC-AC9F-938F70584597}
		{6A828AE1-4B0F-44A1-8E3A-5AE31451BB84} = {EE8A3181-68D9-42F6-8CF9-D8A95EAE0D39}
		{3D1B2126-6EF5-478A-9083-B594871E4079} = {EE8A3181-68D9-42F6-8CF9-D8A95EAE0D39}
		{58B4B9FB-4D92-4D90-9DD3-F610C61C7AF7} = {159AF8EF-6826-441D-8BED-6EB2F46C3ACE}
		{83F80F82-C42C-4F3B-8D14-D79759B719AC} = {159AF8EF-6826-441D-8BED-6EB2F46C3ACE}
		{1A09E9E0-C96C-4D22-B35D-2BFF35BB06E7} = {159AF8EF-6826-441D-8BED-6EB2F46C3ACE}
		{3C7735C6-3657-408A-91FF-35908047AA6F} = {159AF8EF-6826-441D-8BED-6EB2F46C3ACE}
		{1395A775-9102-400C-BFA8-677BE91E2FBF} = {2C494276-6FDB-4112-A5CC-312289E3C869}
		{3A329E11-B67D-496F-A849-F7A85812A5F6} = {2C494276-6FDB-4112-A5CC-312289E3C869}
		{FD9C47AA-89B3-4E26-98AF-CAE911497C48} = {2C494276-6FDB-4112-A5CC-312289E3C869}
		{89C99FDC-D898-478C-8503-2B265ACE5306} = {BC89B5B2-C801-4FA1-AAA0-CA92B768806F}
		{371FB42D-F4C6-425E-BA50-1FA281A90181} = {210F4867-E922-4DBA-8472-2C79EF687C8B}
		{108B1798-9B0A-4B28-8CF3-CC9340159119} = {E7974B19-3D87-4F39-BF4D-2FEF617D2250}
		{E240F047-C828-4607-821E-54F1E7982D5D} = {9E4BC4A9-9BCA-4A03-89AC-5450FDCD7DD5}
		{076F0396-E667-4185-A259-2FD12CEE9030} = {9E4BC4A9-9BCA-4A03-89AC-5450FDCD7DD5}
		{37D55F9E-C2B9-4F27-BCC2-52026663D3FC} = {9E4BC4A9-9BCA-4A03-89AC-5450FDCD7DD5}
		{7C8F06FA-DDD3-40C0-99E2-643319A1556F} = {D3F7BD72-D801-4F4B-832A-70A9A2EA1051}
		{AF721B5C-A376-4E16-B80C-B7FD47868A81} = {D3F7BD72-D801-4F4B-832A-70A9A2EA1051}
		{4CA68241-AE2E-4E3E-9377-01ED14C75969} = {D3F7BD72-D801-4F4B-832A-70A9A2EA1051}
		{408255C6-FDCF-4B2D-86DA-327C61E62C9F} = {59BBD7DF-946E-4821-A948-E95543E83CCC}
		{E34BF4D2-D317-4B0B-AB48-D4D7893652FC} = {59BBD7DF-946E-4821-A948-E95543E83CCC}
		{96035F40-5B60-4D2F-BC8A-26A7238DEFCD} = {59BBD7DF-946E-4821-A948-E95543E83CCC}
		{C76F9AB5-D5CA-4CE9-90A5-637B918AC43B} = {59BBD7DF-946E-4821-A948-E95543E83CCC}
		{94909D94-9C47-45D3-AA36-1AE361FDB96C} = {7C57F210-16E2-431E-90F4-CB08EA811F9C}
		{B4949690-147D-402B-B334-FD8FEF905405} = {7C57F210-16E2-431E-90F4-CB08EA811F9C}
		{0BB9084E-E506-4808-A4CE-AA948A1DB2AD} = {A2B2DC28-095B-4ABB-883D-B161EBE2A7E9}
		{1DC17383-376F-46C3-9425-24FDB516CA0D} = {A2B2DC28-095B-4ABB-883D-B161EBE2A7E9}
		{DE8FB65B-4D01-4A31-8537-2A1816FCBD95} = {3277B5E5-3EA3-4A48-80EE-CBAFEAA36AC5}
		{67274B70-9A38-499C-A597-D23BE66FA611} = {3277B5E5-3EA3-4A48-80EE-CBAFEAA36AC5}
		{424A15FA-B2E0-43C0-923F-99FC58CF5698} = {3277B5E5-3EA3-4A48-80EE-CBAFEAA36AC5}
		{6F53B8F5-7904-420B-993B-155B8AC7FC94} = {14813578-063D-4A66-9AF8-C024EB078096}
		{812CFDB9-EB8D-4AA3-B967-0ABC42F6833E} = {14813578-063D-4A66-9AF8-C024EB078096}
	EndGlobalSection
EndGlobal
