
Microsoft Visual Studio Solution File, Format Version 12.00
# Visual Studio 14
VisualStudioVersion = 14.0.25420.1
MinimumVisualStudioVersion = 10.0.40219.1
Project("{FAE04EC0-301F-11D3-BF4B-00C04F79EFBC}") = "2017_09_13_consolApp", "2017_09_13_consolApp\2017_09_13_consolApp.csproj", "{93BD22E1-8589-4FF1-83A2-C6C0226FF2F9}"
EndProject
Project("{FAE04EC0-301F-11D3-BF4B-00C04F79EFBC}") = "ListHandlerTests", "ListHandlerTests\ListHandlerTests.csproj", "{AC1C3DDC-F32E-4D1B-97E1-56F7AD6CD1E2}"
EndProject
Project("{FAE04EC0-301F-11D3-BF4B-00C04F79EFBC}") = "DateHandlerTests", "DateHandlerTests\DateHandlerTests.csproj", "{31CFE0CE-600A-4FC0-80A7-336ED5A3D358}"
EndProject
Project("{FAE04EC0-301F-11D3-BF4B-00C04F79EFBC}") = "PurchaseCalculationTests", "PurchaseCalculationTests\PurchaseCalculationTests.csproj", "{849D5409-DFA5-4491-B8F6-F890B1080500}"
EndProject
Project("{FAE04EC0-301F-11D3-BF4B-00C04F79EFBC}") = "StorytellerTests", "StorytellerTests\StorytellerTests.csproj", "{8B422B24-4BBF-4CA2-BCF7-55CEAD2892FD}"
EndProject
Project("{FAE04EC0-301F-11D3-BF4B-00C04F79EFBC}") = "ShoppingCartApp", "ShoppingCartApp\ShoppingCartApp.csproj", "{F3A1286D-7D8F-4A4B-B0EB-4A580DBC31D0}"
EndProject
Project("{2150E333-8FDC-42A3-9474-1A3956D46DE8}") = "ShoppingCart", "ShoppingCart", "{BD53EE02-5E79-45BC-AC9F-938F70584597}"
EndProject
Project("{FAE04EC0-301F-11D3-BF4B-00C04F79EFBC}") = "ShoppingCartTests", "ShoppingCartTests\ShoppingCartTests.csproj", "{322D392E-8419-41FE-B207-7571F6B574A2}"
EndProject
Project("{FAE04EC0-301F-11D3-BF4B-00C04F79EFBC}") = "StoryTellerWindowsApp", "StoryTellerWindowsApp\StoryTellerWindowsApp.csproj", "{895F7919-686B-4351-B5CA-3EBCCDA4B893}"
EndProject
Project("{2150E333-8FDC-42A3-9474-1A3956D46DE8}") = "Circus", "Circus", "{EE8A3181-68D9-42F6-8CF9-D8A95EAE0D39}"
EndProject
Project("{FAE04EC0-301F-11D3-BF4B-00C04F79EFBC}") = "CircusLib", "CircusLib\CircusLib.csproj", "{6A828AE1-4B0F-44A1-8E3A-5AE31451BB84}"
EndProject
Project("{FAE04EC0-301F-11D3-BF4B-00C04F79EFBC}") = "CircusTestsLib", "CircusTestsLib\CircusTestsLib.csproj", "{3D1B2126-6EF5-478A-9083-B594871E4079}"
EndProject
Project("{2150E333-8FDC-42A3-9474-1A3956D46DE8}") = "GuessNumber", "GuessNumber", "{159AF8EF-6826-441D-8BED-6EB2F46C3ACE}"
EndProject
Project("{FAE04EC0-301F-11D3-BF4B-00C04F79EFBC}") = "GuessNumberLib", "GuessNumberLib\GuessNumberLib.csproj", "{58B4B9FB-4D92-4D90-9DD3-F610C61C7AF7}"
EndProject
Project("{FAE04EC0-301F-11D3-BF4B-00C04F79EFBC}") = "GuessNumberTestsLib", "GuessNumberTestsLib\GuessNumberTestsLib.csproj", "{83F80F82-C42C-4F3B-8D14-D79759B719AC}"
EndProject
Project("{FAE04EC0-301F-11D3-BF4B-00C04F79EFBC}") = "GuessNumberWindowsForm", "GuessNumberWindowsForm\GuessNumberWindowsForm.csproj", "{1A09E9E0-C96C-4D22-B35D-2BFF35BB06E7}"
EndProject
Project("{FAE04EC0-301F-11D3-BF4B-00C04F79EFBC}") = "GuessNumberWPFGUI", "GuessNumberWPFGUI\GuessNumberWPFGUI.csproj", "{3C7735C6-3657-408A-91FF-35908047AA6F}"
EndProject
Project("{2150E333-8FDC-42A3-9474-1A3956D46DE8}") = "DiceGame", "DiceGame", "{2C494276-6FDB-4112-A5CC-312289E3C869}"
EndProject
Project("{FAE04EC0-301F-11D3-BF4B-00C04F79EFBC}") = "DiceGameLib", "DiceGameLib\DiceGameLib.csproj", "{1395A775-9102-400C-BFA8-677BE91E2FBF}"
EndProject
Project("{FAE04EC0-301F-11D3-BF4B-00C04F79EFBC}") = "DiceGameTestsLib", "DiceGameTestsLib\DiceGameTestsLib.csproj", "{3A329E11-B67D-496F-A849-F7A85812A5F6}"
EndProject
Project("{FAE04EC0-301F-11D3-BF4B-00C04F79EFBC}") = "DiceGameWindowsForms", "DiceGameWindowsForms\DiceGameWindowsForms.csproj", "{FD9C47AA-89B3-4E26-98AF-CAE911497C48}"
EndProject
Global
	GlobalSection(SolutionConfigurationPlatforms) = preSolution
		Debug|Any CPU = Debug|Any CPU
		Release|Any CPU = Release|Any CPU
	EndGlobalSection
	GlobalSection(ProjectConfigurationPlatforms) = postSolution
		{93BD22E1-8589-4FF1-83A2-C6C0226FF2F9}.Debug|Any CPU.ActiveCfg = Debug|Any CPU
		{93BD22E1-8589-4FF1-83A2-C6C0226FF2F9}.Debug|Any CPU.Build.0 = Debug|Any CPU
		{93BD22E1-8589-4FF1-83A2-C6C0226FF2F9}.Release|Any CPU.ActiveCfg = Release|Any CPU
		{93BD22E1-8589-4FF1-83A2-C6C0226FF2F9}.Release|Any CPU.Build.0 = Release|Any CPU
		{AC1C3DDC-F32E-4D1B-97E1-56F7AD6CD1E2}.Debug|Any CPU.ActiveCfg = Debug|Any CPU
		{AC1C3DDC-F32E-4D1B-97E1-56F7AD6CD1E2}.Debug|Any CPU.Build.0 = Debug|Any CPU
		{AC1C3DDC-F32E-4D1B-97E1-56F7AD6CD1E2}.Release|Any CPU.ActiveCfg = Release|Any CPU
		{AC1C3DDC-F32E-4D1B-97E1-56F7AD6CD1E2}.Release|Any CPU.Build.0 = Release|Any CPU
		{31CFE0CE-600A-4FC0-80A7-336ED5A3D358}.Debug|Any CPU.ActiveCfg = Debug|Any CPU
		{31CFE0CE-600A-4FC0-80A7-336ED5A3D358}.Debug|Any CPU.Build.0 = Debug|Any CPU
		{31CFE0CE-600A-4FC0-80A7-336ED5A3D358}.Release|Any CPU.ActiveCfg = Release|Any CPU
		{31CFE0CE-600A-4FC0-80A7-336ED5A3D358}.Release|Any CPU.Build.0 = Release|Any CPU
		{849D5409-DFA5-4491-B8F6-F890B1080500}.Debug|Any CPU.ActiveCfg = Debug|Any CPU
		{849D5409-DFA5-4491-B8F6-F890B1080500}.Debug|Any CPU.Build.0 = Debug|Any CPU
		{849D5409-DFA5-4491-B8F6-F890B1080500}.Release|Any CPU.ActiveCfg = Release|Any CPU
		{849D5409-DFA5-4491-B8F6-F890B1080500}.Release|Any CPU.Build.0 = Release|Any CPU
		{8B422B24-4BBF-4CA2-BCF7-55CEAD2892FD}.Debug|Any CPU.ActiveCfg = Debug|Any CPU
		{8B422B24-4BBF-4CA2-BCF7-55CEAD2892FD}.Debug|Any CPU.Build.0 = Debug|Any CPU
		{8B422B24-4BBF-4CA2-BCF7-55CEAD2892FD}.Release|Any CPU.ActiveCfg = Release|Any CPU
		{8B422B24-4BBF-4CA2-BCF7-55CEAD2892FD}.Release|Any CPU.Build.0 = Release|Any CPU
		{F3A1286D-7D8F-4A4B-B0EB-4A580DBC31D0}.Debug|Any CPU.ActiveCfg = Debug|Any CPU
		{F3A1286D-7D8F-4A4B-B0EB-4A580DBC31D0}.Debug|Any CPU.Build.0 = Debug|Any CPU
		{F3A1286D-7D8F-4A4B-B0EB-4A580DBC31D0}.Release|Any CPU.ActiveCfg = Release|Any CPU
		{F3A1286D-7D8F-4A4B-B0EB-4A580DBC31D0}.Release|Any CPU.Build.0 = Release|Any CPU
		{322D392E-8419-41FE-B207-7571F6B574A2}.Debug|Any CPU.ActiveCfg = Debug|Any CPU
		{322D392E-8419-41FE-B207-7571F6B574A2}.Debug|Any CPU.Build.0 = Debug|Any CPU
		{322D392E-8419-41FE-B207-7571F6B574A2}.Release|Any CPU.ActiveCfg = Release|Any CPU
		{322D392E-8419-41FE-B207-7571F6B574A2}.Release|Any CPU.Build.0 = Release|Any CPU
		{895F7919-686B-4351-B5CA-3EBCCDA4B893}.Debug|Any CPU.ActiveCfg = Debug|Any CPU
		{895F7919-686B-4351-B5CA-3EBCCDA4B893}.Debug|Any CPU.Build.0 = Debug|Any CPU
		{895F7919-686B-4351-B5CA-3EBCCDA4B893}.Release|Any CPU.ActiveCfg = Release|Any CPU
		{895F7919-686B-4351-B5CA-3EBCCDA4B893}.Release|Any CPU.Build.0 = Release|Any CPU
		{6A828AE1-4B0F-44A1-8E3A-5AE31451BB84}.Debug|Any CPU.ActiveCfg = Debug|Any CPU
		{6A828AE1-4B0F-44A1-8E3A-5AE31451BB84}.Debug|Any CPU.Build.0 = Debug|Any CPU
		{6A828AE1-4B0F-44A1-8E3A-5AE31451BB84}.Release|Any CPU.ActiveCfg = Release|Any CPU
		{6A828AE1-4B0F-44A1-8E3A-5AE31451BB84}.Release|Any CPU.Build.0 = Release|Any CPU
		{3D1B2126-6EF5-478A-9083-B594871E4079}.Debug|Any CPU.ActiveCfg = Debug|Any CPU
		{3D1B2126-6EF5-478A-9083-B594871E4079}.Debug|Any CPU.Build.0 = Debug|Any CPU
		{3D1B2126-6EF5-478A-9083-B594871E4079}.Release|Any CPU.ActiveCfg = Release|Any CPU
		{3D1B2126-6EF5-478A-9083-B594871E4079}.Release|Any CPU.Build.0 = Release|Any CPU
		{58B4B9FB-4D92-4D90-9DD3-F610C61C7AF7}.Debug|Any CPU.ActiveCfg = Debug|Any CPU
		{58B4B9FB-4D92-4D90-9DD3-F610C61C7AF7}.Debug|Any CPU.Build.0 = Debug|Any CPU
		{58B4B9FB-4D92-4D90-9DD3-F610C61C7AF7}.Release|Any CPU.ActiveCfg = Release|Any CPU
		{58B4B9FB-4D92-4D90-9DD3-F610C61C7AF7}.Release|Any CPU.Build.0 = Release|Any CPU
		{83F80F82-C42C-4F3B-8D14-D79759B719AC}.Debug|Any CPU.ActiveCfg = Debug|Any CPU
		{83F80F82-C42C-4F3B-8D14-D79759B719AC}.Debug|Any CPU.Build.0 = Debug|Any CPU
		{83F80F82-C42C-4F3B-8D14-D79759B719AC}.Release|Any CPU.ActiveCfg = Release|Any CPU
		{83F80F82-C42C-4F3B-8D14-D79759B719AC}.Release|Any CPU.Build.0 = Release|Any CPU
		{1A09E9E0-C96C-4D22-B35D-2BFF35BB06E7}.Debug|Any CPU.ActiveCfg = Debug|Any CPU
		{1A09E9E0-C96C-4D22-B35D-2BFF35BB06E7}.Debug|Any CPU.Build.0 = Debug|Any CPU
		{1A09E9E0-C96C-4D22-B35D-2BFF35BB06E7}.Release|Any CPU.ActiveCfg = Release|Any CPU
		{1A09E9E0-C96C-4D22-B35D-2BFF35BB06E7}.Release|Any CPU.Build.0 = Release|Any CPU
		{3C7735C6-3657-408A-91FF-35908047AA6F}.Debug|Any CPU.ActiveCfg = Debug|Any CPU
		{3C7735C6-3657-408A-91FF-35908047AA6F}.Debug|Any CPU.Build.0 = Debug|Any CPU
		{3C7735C6-3657-408A-91FF-35908047AA6F}.Release|Any CPU.ActiveCfg = Release|Any CPU
		{3C7735C6-3657-408A-91FF-35908047AA6F}.Release|Any CPU.Build.0 = Release|Any CPU
		{1395A775-9102-400C-BFA8-677BE91E2FBF}.Debug|Any CPU.ActiveCfg = Debug|Any CPU
		{1395A775-9102-400C-BFA8-677BE91E2FBF}.Debug|Any CPU.Build.0 = Debug|Any CPU
		{1395A775-9102-400C-BFA8-677BE91E2FBF}.Release|Any CPU.ActiveCfg = Release|Any CPU
		{1395A775-9102-400C-BFA8-677BE91E2FBF}.Release|Any CPU.Build.0 = Release|Any CPU
		{3A329E11-B67D-496F-A849-F7A85812A5F6}.Debug|Any CPU.ActiveCfg = Debug|Any CPU
		{3A329E11-B67D-496F-A849-F7A85812A5F6}.Debug|Any CPU.Build.0 = Debug|Any CPU
		{3A329E11-B67D-496F-A849-F7A85812A5F6}.Release|Any CPU.ActiveCfg = Release|Any CPU
		{3A329E11-B67D-496F-A849-F7A85812A5F6}.Release|Any CPU.Build.0 = Release|Any CPU
		{FD9C47AA-89B3-4E26-98AF-CAE911497C48}.Debug|Any CPU.ActiveCfg = Debug|Any CPU
		{FD9C47AA-89B3-4E26-98AF-CAE911497C48}.Debug|Any CPU.Build.0 = Debug|Any CPU
		{FD9C47AA-89B3-4E26-98AF-CAE911497C48}.Release|Any CPU.ActiveCfg = Release|Any CPU
		{FD9C47AA-89B3-4E26-98AF-CAE911497C48}.Release|Any CPU.Build.0 = Release|Any CPU
	EndGlobalSection
	GlobalSection(SolutionProperties) = preSolution
		HideSolutionNode = FALSE
	EndGlobalSection
	GlobalSection(NestedProjects) = preSolution
		{F3A1286D-7D8F-4A4B-B0EB-4A580DBC31D0} = {BD53EE02-5E79-45BC-AC9F-938F70584597}
		{322D392E-8419-41FE-B207-7571F6B574A2} = {BD53EE02-5E79-45BC-AC9F-938F70584597}
		{6A828AE1-4B0F-44A1-8E3A-5AE31451BB84} = {EE8A3181-68D9-42F6-8CF9-D8A95EAE0D39}
		{3D1B2126-6EF5-478A-9083-B594871E4079} = {EE8A3181-68D9-42F6-8CF9-D8A95EAE0D39}
		{58B4B9FB-4D92-4D90-9DD3-F610C61C7AF7} = {159AF8EF-6826-441D-8BED-6EB2F46C3ACE}
		{83F80F82-C42C-4F3B-8D14-D79759B719AC} = {159AF8EF-6826-441D-8BED-6EB2F46C3ACE}
		{1A09E9E0-C96C-4D22-B35D-2BFF35BB06E7} = {159AF8EF-6826-441D-8BED-6EB2F46C3ACE}
		{3C7735C6-3657-408A-91FF-35908047AA6F} = {159AF8EF-6826-441D-8BED-6EB2F46C3ACE}
		{1395A775-9102-400C-BFA8-677BE91E2FBF} = {2C494276-6FDB-4112-A5CC-312289E3C869}
		{3A329E11-B67D-496F-A849-F7A85812A5F6} = {2C494276-6FDB-4112-A5CC-312289E3C869}
		{FD9C47AA-89B3-4E26-98AF-CAE911497C48} = {2C494276-6FDB-4112-A5CC-312289E3C869}
	EndGlobalSection
EndGlobal
