
Microsoft Visual Studio Solution File, Format Version 12.00
# Visual Studio 14
VisualStudioVersion = 14.0.25420.1
MinimumVisualStudioVersion = 10.0.40219.1
Project("{FAE04EC0-301F-11D3-BF4B-00C04F79EFBC}") = "2017_09_13_consolApp", "2017_09_13_consolApp\2017_09_13_consolApp.csproj", "{93BD22E1-8589-4FF1-83A2-C6C0226FF2F9}"
EndProject
Project("{FAE04EC0-301F-11D3-BF4B-00C04F79EFBC}") = "ListHandlerTests", "ListHandlerTests\ListHandlerTests.csproj", "{AC1C3DDC-F32E-4D1B-97E1-56F7AD6CD1E2}"
EndProject
Project("{FAE04EC0-301F-11D3-BF4B-00C04F79EFBC}") = "DateHandlerTests", "DateHandlerTests\DateHandlerTests.csproj", "{31CFE0CE-600A-4FC0-80A7-336ED5A3D358}"
EndProject
Project("{FAE04EC0-301F-11D3-BF4B-00C04F79EFBC}") = "PurchaseCalculationTests", "PurchaseCalculationTests\PurchaseCalculationTests.csproj", "{849D5409-DFA5-4491-B8F6-F890B1080500}"
EndProject
Project("{FAE04EC0-301F-11D3-BF4B-00C04F79EFBC}") = "StorytellerTests", "StorytellerTests\StorytellerTests.csproj", "{8B422B24-4BBF-4CA2-BCF7-55CEAD2892FD}"
EndProject
Project("{FAE04EC0-301F-11D3-BF4B-00C04F79EFBC}") = "ShoppingCartApp", "ShoppingCartApp\ShoppingCartApp.csproj", "{F3A1286D-7D8F-4A4B-B0EB-4A580DBC31D0}"
EndProject
Project("{2150E333-8FDC-42A3-9474-1A3956D46DE8}") = "ShoppingCart", "ShoppingCart", "{BD53EE02-5E79-45BC-AC9F-938F70584597}"
EndProject
Project("{FAE04EC0-301F-11D3-BF4B-00C04F79EFBC}") = "ShoppingCartTests", "ShoppingCartTests\ShoppingCartTests.csproj", "{322D392E-8419-41FE-B207-7571F6B574A2}"
EndProject
Global
	GlobalSection(SolutionConfigurationPlatforms) = preSolution
		Debug|Any CPU = Debug|Any CPU
		Release|Any CPU = Release|Any CPU
	EndGlobalSection
	GlobalSection(ProjectConfigurationPlatforms) = postSolution
		{93BD22E1-8589-4FF1-83A2-C6C0226FF2F9}.Debug|Any CPU.ActiveCfg = Debug|Any CPU
		{93BD22E1-8589-4FF1-83A2-C6C0226FF2F9}.Debug|Any CPU.Build.0 = Debug|Any CPU
		{93BD22E1-8589-4FF1-83A2-C6C0226FF2F9}.Release|Any CPU.ActiveCfg = Release|Any CPU
		{93BD22E1-8589-4FF1-83A2-C6C0226FF2F9}.Release|Any CPU.Build.0 = Release|Any CPU
		{AC1C3DDC-F32E-4D1B-97E1-56F7AD6CD1E2}.Debug|Any CPU.ActiveCfg = Debug|Any CPU
		{AC1C3DDC-F32E-4D1B-97E1-56F7AD6CD1E2}.Debug|Any CPU.Build.0 = Debug|Any CPU
		{AC1C3DDC-F32E-4D1B-97E1-56F7AD6CD1E2}.Release|Any CPU.ActiveCfg = Release|Any CPU
		{AC1C3DDC-F32E-4D1B-97E1-56F7AD6CD1E2}.Release|Any CPU.Build.0 = Release|Any CPU
		{31CFE0CE-600A-4FC0-80A7-336ED5A3D358}.Debug|Any CPU.ActiveCfg = Debug|Any CPU
		{31CFE0CE-600A-4FC0-80A7-336ED5A3D358}.Debug|Any CPU.Build.0 = Debug|Any CPU
		{31CFE0CE-600A-4FC0-80A7-336ED5A3D358}.Release|Any CPU.ActiveCfg = Release|Any CPU
		{31CFE0CE-600A-4FC0-80A7-336ED5A3D358}.Release|Any CPU.Build.0 = Release|Any CPU
		{849D5409-DFA5-4491-B8F6-F890B1080500}.Debug|Any CPU.ActiveCfg = Debug|Any CPU
		{849D5409-DFA5-4491-B8F6-F890B1080500}.Debug|Any CPU.Build.0 = Debug|Any CPU
		{849D5409-DFA5-4491-B8F6-F890B1080500}.Release|Any CPU.ActiveCfg = Release|Any CPU
		{849D5409-DFA5-4491-B8F6-F890B1080500}.Release|Any CPU.Build.0 = Release|Any CPU
		{8B422B24-4BBF-4CA2-BCF7-55CEAD2892FD}.Debug|Any CPU.ActiveCfg = Debug|Any CPU
		{8B422B24-4BBF-4CA2-BCF7-55CEAD2892FD}.Debug|Any CPU.Build.0 = Debug|Any CPU
		{8B422B24-4BBF-4CA2-BCF7-55CEAD2892FD}.Release|Any CPU.ActiveCfg = Release|Any CPU
		{8B422B24-4BBF-4CA2-BCF7-55CEAD2892FD}.Release|Any CPU.Build.0 = Release|Any CPU
		{F3A1286D-7D8F-4A4B-B0EB-4A580DBC31D0}.Debug|Any CPU.ActiveCfg = Debug|Any CPU
		{F3A1286D-7D8F-4A4B-B0EB-4A580DBC31D0}.Debug|Any CPU.Build.0 = Debug|Any CPU
		{F3A1286D-7D8F-4A4B-B0EB-4A580DBC31D0}.Release|Any CPU.ActiveCfg = Release|Any CPU
		{F3A1286D-7D8F-4A4B-B0EB-4A580DBC31D0}.Release|Any CPU.Build.0 = Release|Any CPU
		{322D392E-8419-41FE-B207-7571F6B574A2}.Debug|Any CPU.ActiveCfg = Debug|Any CPU
		{322D392E-8419-41FE-B207-7571F6B574A2}.Debug|Any CPU.Build.0 = Debug|Any CPU
		{322D392E-8419-41FE-B207-7571F6B574A2}.Release|Any CPU.ActiveCfg = Release|Any CPU
		{322D392E-8419-41FE-B207-7571F6B574A2}.Release|Any CPU.Build.0 = Release|Any CPU
	EndGlobalSection
	GlobalSection(SolutionProperties) = preSolution
		HideSolutionNode = FALSE
	EndGlobalSection
	GlobalSection(NestedProjects) = preSolution
		{F3A1286D-7D8F-4A4B-B0EB-4A580DBC31D0} = {BD53EE02-5E79-45BC-AC9F-938F70584597}
		{322D392E-8419-41FE-B207-7571F6B574A2} = {BD53EE02-5E79-45BC-AC9F-938F70584597}
	EndGlobalSection
EndGlobal
